// !$*UTF8*$!
{
	archiveVersion = 1;
	classes = {
	};
	objectVersion = 50;
	objects = {

/* Begin PBXBuildFile section */
		5E742E9A2108D58400A2D749 /* NetworkManager.swift in Sources */ = {isa = PBXBuildFile; fileRef = 5E742E992108D58400A2D749 /* NetworkManager.swift */; };
		5E742E9C2108D59700A2D749 /* MovieDataHandler.swift in Sources */ = {isa = PBXBuildFile; fileRef = 5E742E9B2108D59700A2D749 /* MovieDataHandler.swift */; };
		5E742E9E2109C61400A2D749 /* MovieMessage.swift in Sources */ = {isa = PBXBuildFile; fileRef = 5E742E9D2109C61400A2D749 /* MovieMessage.swift */; };
		5E742EA02109D93C00A2D749 /* Message.swift in Sources */ = {isa = PBXBuildFile; fileRef = 5E742E9F2109D93C00A2D749 /* Message.swift */; };
		5E742EA2210A3B3D00A2D749 /* AlamofireImage.framework in Frameworks */ = {isa = PBXBuildFile; fileRef = 5E742EA1210A3B3D00A2D749 /* AlamofireImage.framework */; };
		5E742EA3210A3B4700A2D749 /* AlamofireImage.framework in CopyFiles */ = {isa = PBXBuildFile; fileRef = 5E742EA1210A3B3D00A2D749 /* AlamofireImage.framework */; settings = {ATTRIBUTES = (CodeSignOnCopy, RemoveHeadersOnCopy, ); }; };
		5E742EA4210A3B5700A2D749 /* AlamofireImage.framework in CopyFiles */ = {isa = PBXBuildFile; fileRef = 5E742EA1210A3B3D00A2D749 /* AlamofireImage.framework */; settings = {ATTRIBUTES = (CodeSignOnCopy, RemoveHeadersOnCopy, ); }; };
		5E742EA5210A3B7400A2D749 /* AlamofireImage.framework in Frameworks */ = {isa = PBXBuildFile; fileRef = 5E742EA1210A3B3D00A2D749 /* AlamofireImage.framework */; };
		5E742EA6210A3B8A00A2D749 /* AlamofireImage.framework in Frameworks */ = {isa = PBXBuildFile; fileRef = 5E742EA1210A3B3D00A2D749 /* AlamofireImage.framework */; };
		5E742EA7210A3B9500A2D749 /* AlamofireImage.framework in CopyFiles */ = {isa = PBXBuildFile; fileRef = 5E742EA1210A3B3D00A2D749 /* AlamofireImage.framework */; settings = {ATTRIBUTES = (CodeSignOnCopy, RemoveHeadersOnCopy, ); }; };
		5EECD95921070CCB005B4497 /* AppDelegate.swift in Sources */ = {isa = PBXBuildFile; fileRef = 5EECD95821070CCB005B4497 /* AppDelegate.swift */; };
		5EECD95E21070CCB005B4497 /* Main.storyboard in Resources */ = {isa = PBXBuildFile; fileRef = 5EECD95C21070CCB005B4497 /* Main.storyboard */; };
		5EECD96321070CCF005B4497 /* Assets.xcassets in Resources */ = {isa = PBXBuildFile; fileRef = 5EECD96221070CCF005B4497 /* Assets.xcassets */; };
		5EECD96621070CCF005B4497 /* LaunchScreen.storyboard in Resources */ = {isa = PBXBuildFile; fileRef = 5EECD96421070CCF005B4497 /* LaunchScreen.storyboard */; };
		5EECD97121070CCF005B4497 /* MovieTests.swift in Sources */ = {isa = PBXBuildFile; fileRef = 5EECD97021070CCF005B4497 /* MovieTests.swift */; };
		5EECD97C21070CCF005B4497 /* MovieUITests.swift in Sources */ = {isa = PBXBuildFile; fileRef = 5EECD97B21070CCF005B4497 /* MovieUITests.swift */; };
		5EECD98F2108700D005B4497 /* Alamofire.framework in Frameworks */ = {isa = PBXBuildFile; fileRef = 5EECD98E2108700D005B4497 /* Alamofire.framework */; };
		5EECD992210870D4005B4497 /* Alamofire.framework in CopyFiles */ = {isa = PBXBuildFile; fileRef = 5EECD98E2108700D005B4497 /* Alamofire.framework */; settings = {ATTRIBUTES = (CodeSignOnCopy, RemoveHeadersOnCopy, ); }; };
		5EECD994210872BF005B4497 /* SwiftyJSON.framework in Frameworks */ = {isa = PBXBuildFile; fileRef = 5EECD993210872BF005B4497 /* SwiftyJSON.framework */; };
		5EECD995210872C4005B4497 /* SwiftyJSON.framework in CopyFiles */ = {isa = PBXBuildFile; fileRef = 5EECD993210872BF005B4497 /* SwiftyJSON.framework */; settings = {ATTRIBUTES = (CodeSignOnCopy, RemoveHeadersOnCopy, ); }; };
		5EECD9972108739A005B4497 /* UIKit.framework in Frameworks */ = {isa = PBXBuildFile; fileRef = 5EECD99621087399005B4497 /* UIKit.framework */; };
		5EECD99A21087BE7005B4497 /* Nimble.framework in Frameworks */ = {isa = PBXBuildFile; fileRef = 5EECD99821087BE7005B4497 /* Nimble.framework */; };
		5EECD99B21087BE7005B4497 /* Quick.framework in Frameworks */ = {isa = PBXBuildFile; fileRef = 5EECD99921087BE7005B4497 /* Quick.framework */; };
		5EECD99C21087BF2005B4497 /* Nimble.framework in CopyFiles */ = {isa = PBXBuildFile; fileRef = 5EECD99821087BE7005B4497 /* Nimble.framework */; settings = {ATTRIBUTES = (CodeSignOnCopy, RemoveHeadersOnCopy, ); }; };
		5EECD99D21087BF2005B4497 /* Quick.framework in CopyFiles */ = {isa = PBXBuildFile; fileRef = 5EECD99921087BE7005B4497 /* Quick.framework */; settings = {ATTRIBUTES = (CodeSignOnCopy, RemoveHeadersOnCopy, ); }; };
		5EECD99F210889A3005B4497 /* MovieSearchListController.swift in Sources */ = {isa = PBXBuildFile; fileRef = 5EECD99E210889A3005B4497 /* MovieSearchListController.swift */; };
		5EECD9A02108A0BE005B4497 /* Alamofire.framework in Frameworks */ = {isa = PBXBuildFile; fileRef = 5EECD98E2108700D005B4497 /* Alamofire.framework */; };
		5EECD9A12108A0BE005B4497 /* Nimble.framework in Frameworks */ = {isa = PBXBuildFile; fileRef = 5EECD99821087BE7005B4497 /* Nimble.framework */; };
		5EECD9A22108A0BE005B4497 /* Quick.framework in Frameworks */ = {isa = PBXBuildFile; fileRef = 5EECD99921087BE7005B4497 /* Quick.framework */; };
		5EECD9A32108A0BE005B4497 /* SwiftyJSON.framework in Frameworks */ = {isa = PBXBuildFile; fileRef = 5EECD993210872BF005B4497 /* SwiftyJSON.framework */; };
		5EECD9A42108A0FC005B4497 /* Alamofire.framework in Frameworks */ = {isa = PBXBuildFile; fileRef = 5EECD98E2108700D005B4497 /* Alamofire.framework */; };
		5EECD9A52108A0FC005B4497 /* Nimble.framework in Frameworks */ = {isa = PBXBuildFile; fileRef = 5EECD99821087BE7005B4497 /* Nimble.framework */; };
		5EECD9A62108A0FC005B4497 /* Quick.framework in Frameworks */ = {isa = PBXBuildFile; fileRef = 5EECD99921087BE7005B4497 /* Quick.framework */; };
		5EECD9A72108A0FC005B4497 /* SwiftyJSON.framework in Frameworks */ = {isa = PBXBuildFile; fileRef = 5EECD993210872BF005B4497 /* SwiftyJSON.framework */; };
		5EECD9AA2108A18D005B4497 /* Nimble.framework in CopyFiles */ = {isa = PBXBuildFile; fileRef = 5EECD99821087BE7005B4497 /* Nimble.framework */; settings = {ATTRIBUTES = (CodeSignOnCopy, RemoveHeadersOnCopy, ); }; };
		5EECD9AB2108A18D005B4497 /* Quick.framework in CopyFiles */ = {isa = PBXBuildFile; fileRef = 5EECD99921087BE7005B4497 /* Quick.framework */; settings = {ATTRIBUTES = (CodeSignOnCopy, RemoveHeadersOnCopy, ); }; };
		5EECD9AC2108A18D005B4497 /* SwiftyJSON.framework in CopyFiles */ = {isa = PBXBuildFile; fileRef = 5EECD993210872BF005B4497 /* SwiftyJSON.framework */; settings = {ATTRIBUTES = (CodeSignOnCopy, RemoveHeadersOnCopy, ); }; };
		5EECD9AD2108A18D005B4497 /* Alamofire.framework in CopyFiles */ = {isa = PBXBuildFile; fileRef = 5EECD98E2108700D005B4497 /* Alamofire.framework */; settings = {ATTRIBUTES = (CodeSignOnCopy, RemoveHeadersOnCopy, ); }; };
		5EECD9B02108A1D7005B4497 /* Nimble.framework in CopyFiles */ = {isa = PBXBuildFile; fileRef = 5EECD99821087BE7005B4497 /* Nimble.framework */; settings = {ATTRIBUTES = (CodeSignOnCopy, RemoveHeadersOnCopy, ); }; };
		5EECD9B12108A1D7005B4497 /* Quick.framework in CopyFiles */ = {isa = PBXBuildFile; fileRef = 5EECD99921087BE7005B4497 /* Quick.framework */; settings = {ATTRIBUTES = (CodeSignOnCopy, RemoveHeadersOnCopy, ); }; };
		5EECD9B22108A1D7005B4497 /* SwiftyJSON.framework in CopyFiles */ = {isa = PBXBuildFile; fileRef = 5EECD993210872BF005B4497 /* SwiftyJSON.framework */; settings = {ATTRIBUTES = (CodeSignOnCopy, RemoveHeadersOnCopy, ); }; };
		5EECD9B32108A1D7005B4497 /* Alamofire.framework in CopyFiles */ = {isa = PBXBuildFile; fileRef = 5EECD98E2108700D005B4497 /* Alamofire.framework */; settings = {ATTRIBUTES = (CodeSignOnCopy, RemoveHeadersOnCopy, ); }; };
		5EEDEF00210A4E050010259F /* Realm.framework in Frameworks */ = {isa = PBXBuildFile; fileRef = 5EEDEEFF210A4E050010259F /* Realm.framework */; };
		5EEDEF02210A4E210010259F /* RealmSwift.framework in Frameworks */ = {isa = PBXBuildFile; fileRef = 5EEDEF01210A4E200010259F /* RealmSwift.framework */; };
		5EEDEF03210A4E470010259F /* RealmSwift.framework in CopyFiles */ = {isa = PBXBuildFile; fileRef = 5EEDEF01210A4E200010259F /* RealmSwift.framework */; settings = {ATTRIBUTES = (CodeSignOnCopy, RemoveHeadersOnCopy, ); }; };
		5EEDEF04210A4E470010259F /* Realm.framework in CopyFiles */ = {isa = PBXBuildFile; fileRef = 5EEDEEFF210A4E050010259F /* Realm.framework */; settings = {ATTRIBUTES = (CodeSignOnCopy, RemoveHeadersOnCopy, ); }; };
		5EEDEF05210A4E610010259F /* Realm.framework in Frameworks */ = {isa = PBXBuildFile; fileRef = 5EEDEEFF210A4E050010259F /* Realm.framework */; };
		5EEDEF06210A4E610010259F /* RealmSwift.framework in Frameworks */ = {isa = PBXBuildFile; fileRef = 5EEDEF01210A4E200010259F /* RealmSwift.framework */; };
		5EEDEF07210A4E790010259F /* RealmSwift.framework in CopyFiles */ = {isa = PBXBuildFile; fileRef = 5EEDEF01210A4E200010259F /* RealmSwift.framework */; settings = {ATTRIBUTES = (CodeSignOnCopy, RemoveHeadersOnCopy, ); }; };
		5EEDEF08210A4E790010259F /* Realm.framework in CopyFiles */ = {isa = PBXBuildFile; fileRef = 5EEDEEFF210A4E050010259F /* Realm.framework */; settings = {ATTRIBUTES = (CodeSignOnCopy, RemoveHeadersOnCopy, ); }; };
		5EEDEF0A210A53E60010259F /* Movie.swift in Sources */ = {isa = PBXBuildFile; fileRef = 5EEDEF09210A53E60010259F /* Movie.swift */; };
		5EEDEF0D210AF86B0010259F /* MovieCell.swift in Sources */ = {isa = PBXBuildFile; fileRef = 5EEDEF0C210AF86B0010259F /* MovieCell.swift */; };
		5EEDEF0F210AF9210010259F /* LoadingCell.swift in Sources */ = {isa = PBXBuildFile; fileRef = 5EEDEF0E210AF9210010259F /* LoadingCell.swift */; };
/* End PBXBuildFile section */

/* Begin PBXContainerItemProxy section */
		5EECD96D21070CCF005B4497 /* PBXContainerItemProxy */ = {
			isa = PBXContainerItemProxy;
			containerPortal = 5EECD94D21070CCB005B4497 /* Project object */;
			proxyType = 1;
			remoteGlobalIDString = 5EECD95421070CCB005B4497;
			remoteInfo = Movie;
		};
		5EECD97821070CCF005B4497 /* PBXContainerItemProxy */ = {
			isa = PBXContainerItemProxy;
			containerPortal = 5EECD94D21070CCB005B4497 /* Project object */;
			proxyType = 1;
			remoteGlobalIDString = 5EECD95421070CCB005B4497;
			remoteInfo = Movie;
		};
/* End PBXContainerItemProxy section */

/* Begin PBXCopyFilesBuildPhase section */
		5EECD991210870C2005B4497 /* CopyFiles */ = {
			isa = PBXCopyFilesBuildPhase;
			buildActionMask = 2147483647;
			dstPath = "";
			dstSubfolderSpec = 10;
			files = (
				5EEDEF03210A4E470010259F /* RealmSwift.framework in CopyFiles */,
				5EEDEF04210A4E470010259F /* Realm.framework in CopyFiles */,
				5E742EA3210A3B4700A2D749 /* AlamofireImage.framework in CopyFiles */,
				5EECD99C21087BF2005B4497 /* Nimble.framework in CopyFiles */,
				5EECD99D21087BF2005B4497 /* Quick.framework in CopyFiles */,
				5EECD995210872C4005B4497 /* SwiftyJSON.framework in CopyFiles */,
				5EECD992210870D4005B4497 /* Alamofire.framework in CopyFiles */,
			);
			runOnlyForDeploymentPostprocessing = 0;
		};
		5EECD9A92108A17D005B4497 /* CopyFiles */ = {
			isa = PBXCopyFilesBuildPhase;
			buildActionMask = 2147483647;
			dstPath = "";
			dstSubfolderSpec = 10;
			files = (
				5EEDEF07210A4E790010259F /* RealmSwift.framework in CopyFiles */,
				5EEDEF08210A4E790010259F /* Realm.framework in CopyFiles */,
				5E742EA4210A3B5700A2D749 /* AlamofireImage.framework in CopyFiles */,
				5EECD9AA2108A18D005B4497 /* Nimble.framework in CopyFiles */,
				5EECD9AB2108A18D005B4497 /* Quick.framework in CopyFiles */,
				5EECD9AC2108A18D005B4497 /* SwiftyJSON.framework in CopyFiles */,
				5EECD9AD2108A18D005B4497 /* Alamofire.framework in CopyFiles */,
			);
			runOnlyForDeploymentPostprocessing = 0;
		};
		5EECD9AF2108A1CA005B4497 /* CopyFiles */ = {
			isa = PBXCopyFilesBuildPhase;
			buildActionMask = 2147483647;
			dstPath = "";
			dstSubfolderSpec = 10;
			files = (
				5E742EA7210A3B9500A2D749 /* AlamofireImage.framework in CopyFiles */,
				5EECD9B02108A1D7005B4497 /* Nimble.framework in CopyFiles */,
				5EECD9B12108A1D7005B4497 /* Quick.framework in CopyFiles */,
				5EECD9B22108A1D7005B4497 /* SwiftyJSON.framework in CopyFiles */,
				5EECD9B32108A1D7005B4497 /* Alamofire.framework in CopyFiles */,
			);
			runOnlyForDeploymentPostprocessing = 0;
		};
/* End PBXCopyFilesBuildPhase section */

/* Begin PBXFileReference section */
		5E742E992108D58400A2D749 /* NetworkManager.swift */ = {isa = PBXFileReference; lastKnownFileType = sourcecode.swift; path = NetworkManager.swift; sourceTree = "<group>"; };
		5E742E9B2108D59700A2D749 /* MovieDataHandler.swift */ = {isa = PBXFileReference; lastKnownFileType = sourcecode.swift; path = MovieDataHandler.swift; sourceTree = "<group>"; };
		5E742E9D2109C61400A2D749 /* MovieMessage.swift */ = {isa = PBXFileReference; lastKnownFileType = sourcecode.swift; path = MovieMessage.swift; sourceTree = "<group>"; };
		5E742E9F2109D93C00A2D749 /* Message.swift */ = {isa = PBXFileReference; lastKnownFileType = sourcecode.swift; path = Message.swift; sourceTree = "<group>"; };
		5E742EA1210A3B3D00A2D749 /* AlamofireImage.framework */ = {isa = PBXFileReference; lastKnownFileType = wrapper.framework; name = AlamofireImage.framework; path = Carthage/Build/iOS/AlamofireImage.framework; sourceTree = "<group>"; };
		5EECD95521070CCB005B4497 /* Movie.app */ = {isa = PBXFileReference; explicitFileType = wrapper.application; includeInIndex = 0; path = Movie.app; sourceTree = BUILT_PRODUCTS_DIR; };
		5EECD95821070CCB005B4497 /* AppDelegate.swift */ = {isa = PBXFileReference; lastKnownFileType = sourcecode.swift; path = AppDelegate.swift; sourceTree = "<group>"; };
		5EECD95D21070CCB005B4497 /* Base */ = {isa = PBXFileReference; lastKnownFileType = file.storyboard; name = Base; path = Base.lproj/Main.storyboard; sourceTree = "<group>"; };
		5EECD96221070CCF005B4497 /* Assets.xcassets */ = {isa = PBXFileReference; lastKnownFileType = folder.assetcatalog; path = Assets.xcassets; sourceTree = "<group>"; };
		5EECD96521070CCF005B4497 /* Base */ = {isa = PBXFileReference; lastKnownFileType = file.storyboard; name = Base; path = Base.lproj/LaunchScreen.storyboard; sourceTree = "<group>"; };
		5EECD96721070CCF005B4497 /* Info.plist */ = {isa = PBXFileReference; lastKnownFileType = text.plist.xml; path = Info.plist; sourceTree = "<group>"; };
		5EECD96C21070CCF005B4497 /* MovieTests.xctest */ = {isa = PBXFileReference; explicitFileType = wrapper.cfbundle; includeInIndex = 0; path = MovieTests.xctest; sourceTree = BUILT_PRODUCTS_DIR; };
		5EECD97021070CCF005B4497 /* MovieTests.swift */ = {isa = PBXFileReference; lastKnownFileType = sourcecode.swift; path = MovieTests.swift; sourceTree = "<group>"; };
		5EECD97221070CCF005B4497 /* Info.plist */ = {isa = PBXFileReference; lastKnownFileType = text.plist.xml; path = Info.plist; sourceTree = "<group>"; };
		5EECD97721070CCF005B4497 /* MovieUITests.xctest */ = {isa = PBXFileReference; explicitFileType = wrapper.cfbundle; includeInIndex = 0; path = MovieUITests.xctest; sourceTree = BUILT_PRODUCTS_DIR; };
		5EECD97B21070CCF005B4497 /* MovieUITests.swift */ = {isa = PBXFileReference; lastKnownFileType = sourcecode.swift; path = MovieUITests.swift; sourceTree = "<group>"; };
		5EECD97D21070CCF005B4497 /* Info.plist */ = {isa = PBXFileReference; lastKnownFileType = text.plist.xml; path = Info.plist; sourceTree = "<group>"; };
		5EECD98E2108700D005B4497 /* Alamofire.framework */ = {isa = PBXFileReference; lastKnownFileType = wrapper.framework; name = Alamofire.framework; path = Carthage/Build/iOS/Alamofire.framework; sourceTree = "<group>"; };
		5EECD993210872BF005B4497 /* SwiftyJSON.framework */ = {isa = PBXFileReference; lastKnownFileType = wrapper.framework; name = SwiftyJSON.framework; path = Carthage/Build/iOS/SwiftyJSON.framework; sourceTree = "<group>"; };
		5EECD99621087399005B4497 /* UIKit.framework */ = {isa = PBXFileReference; lastKnownFileType = wrapper.framework; name = UIKit.framework; path = System/Library/Frameworks/UIKit.framework; sourceTree = SDKROOT; };
		5EECD99821087BE7005B4497 /* Nimble.framework */ = {isa = PBXFileReference; lastKnownFileType = wrapper.framework; name = Nimble.framework; path = Carthage/Build/iOS/Nimble.framework; sourceTree = "<group>"; };
		5EECD99921087BE7005B4497 /* Quick.framework */ = {isa = PBXFileReference; lastKnownFileType = wrapper.framework; name = Quick.framework; path = Carthage/Build/iOS/Quick.framework; sourceTree = "<group>"; };
		5EECD99E210889A3005B4497 /* MovieSearchListController.swift */ = {isa = PBXFileReference; lastKnownFileType = sourcecode.swift; path = MovieSearchListController.swift; sourceTree = "<group>"; };
		5EEDEEFF210A4E050010259F /* Realm.framework */ = {isa = PBXFileReference; lastKnownFileType = wrapper.framework; name = Realm.framework; path = Carthage/Build/iOS/Realm.framework; sourceTree = "<group>"; };
		5EEDEF01210A4E200010259F /* RealmSwift.framework */ = {isa = PBXFileReference; lastKnownFileType = wrapper.framework; name = RealmSwift.framework; path = Carthage/Build/iOS/RealmSwift.framework; sourceTree = "<group>"; };
		5EEDEF09210A53E60010259F /* Movie.swift */ = {isa = PBXFileReference; lastKnownFileType = sourcecode.swift; path = Movie.swift; sourceTree = "<group>"; };
		5EEDEF0C210AF86B0010259F /* MovieCell.swift */ = {isa = PBXFileReference; lastKnownFileType = sourcecode.swift; path = MovieCell.swift; sourceTree = "<group>"; };
		5EEDEF0E210AF9210010259F /* LoadingCell.swift */ = {isa = PBXFileReference; lastKnownFileType = sourcecode.swift; path = LoadingCell.swift; sourceTree = "<group>"; };
/* End PBXFileReference section */

/* Begin PBXFrameworksBuildPhase section */
		5EECD95221070CCB005B4497 /* Frameworks */ = {
			isa = PBXFrameworksBuildPhase;
			buildActionMask = 2147483647;
			files = (
				5EEDEF02210A4E210010259F /* RealmSwift.framework in Frameworks */,
				5EEDEF00210A4E050010259F /* Realm.framework in Frameworks */,
				5E742EA2210A3B3D00A2D749 /* AlamofireImage.framework in Frameworks */,
				5EECD99A21087BE7005B4497 /* Nimble.framework in Frameworks */,
				5EECD99B21087BE7005B4497 /* Quick.framework in Frameworks */,
				5EECD9972108739A005B4497 /* UIKit.framework in Frameworks */,
				5EECD994210872BF005B4497 /* SwiftyJSON.framework in Frameworks */,
				5EECD98F2108700D005B4497 /* Alamofire.framework in Frameworks */,
			);
			runOnlyForDeploymentPostprocessing = 0;
		};
		5EECD96921070CCF005B4497 /* Frameworks */ = {
			isa = PBXFrameworksBuildPhase;
			buildActionMask = 2147483647;
			files = (
				5EEDEF05210A4E610010259F /* Realm.framework in Frameworks */,
				5EEDEF06210A4E610010259F /* RealmSwift.framework in Frameworks */,
				5E742EA5210A3B7400A2D749 /* AlamofireImage.framework in Frameworks */,
				5EECD9A02108A0BE005B4497 /* Alamofire.framework in Frameworks */,
				5EECD9A12108A0BE005B4497 /* Nimble.framework in Frameworks */,
				5EECD9A22108A0BE005B4497 /* Quick.framework in Frameworks */,
				5EECD9A32108A0BE005B4497 /* SwiftyJSON.framework in Frameworks */,
			);
			runOnlyForDeploymentPostprocessing = 0;
		};
		5EECD97421070CCF005B4497 /* Frameworks */ = {
			isa = PBXFrameworksBuildPhase;
			buildActionMask = 2147483647;
			files = (
				5E742EA6210A3B8A00A2D749 /* AlamofireImage.framework in Frameworks */,
				5EECD9A42108A0FC005B4497 /* Alamofire.framework in Frameworks */,
				5EECD9A52108A0FC005B4497 /* Nimble.framework in Frameworks */,
				5EECD9A62108A0FC005B4497 /* Quick.framework in Frameworks */,
				5EECD9A72108A0FC005B4497 /* SwiftyJSON.framework in Frameworks */,
			);
			runOnlyForDeploymentPostprocessing = 0;
		};
/* End PBXFrameworksBuildPhase section */

/* Begin PBXGroup section */
		5E742E972108BC1500A2D749 /* Controllers */ = {
			isa = PBXGroup;
			children = (
				5EEDEF0B210AF8460010259F /* Table Cell */,
				5EECD99E210889A3005B4497 /* MovieSearchListController.swift */,
			);
			path = Controllers;
			sourceTree = "<group>";
		};
		5E742E982108D0F100A2D749 /* Utilities */ = {
			isa = PBXGroup;
			children = (
				5E742EA8210A3C6E00A2D749 /* Networking */,
				5E742EAB210A3C9F00A2D749 /* Data Handler */,
			);
			path = Utilities;
			sourceTree = "<group>";
		};
		5E742EA8210A3C6E00A2D749 /* Networking */ = {
			isa = PBXGroup;
			children = (
				5E742E992108D58400A2D749 /* NetworkManager.swift */,
				5E742E9F2109D93C00A2D749 /* Message.swift */,
				5E742E9D2109C61400A2D749 /* MovieMessage.swift */,
			);
			path = Networking;
			sourceTree = "<group>";
		};
		5E742EAA210A3C9600A2D749 /* Model */ = {
			isa = PBXGroup;
			children = (
				5EEDEF09210A53E60010259F /* Movie.swift */,
			);
			path = Model;
			sourceTree = "<group>";
		};
		5E742EAB210A3C9F00A2D749 /* Data Handler */ = {
			isa = PBXGroup;
			children = (
				5E742E9B2108D59700A2D749 /* MovieDataHandler.swift */,
			);
			path = "Data Handler";
			sourceTree = "<group>";
		};
		5EDE688E210A3CD30096A45A /* Storyboards and Assets */ = {
			isa = PBXGroup;
			children = (
				5EECD95C21070CCB005B4497 /* Main.storyboard */,
				5EECD96221070CCF005B4497 /* Assets.xcassets */,
				5EECD96421070CCF005B4497 /* LaunchScreen.storyboard */,
			);
			name = "Storyboards and Assets";
			sourceTree = "<group>";
		};
		5EECD94C21070CCB005B4497 = {
			isa = PBXGroup;
			children = (
				5EECD95721070CCB005B4497 /* Movie */,
				5EECD96F21070CCF005B4497 /* MovieTests */,
				5EECD97A21070CCF005B4497 /* MovieUITests */,
				5EECD95621070CCB005B4497 /* Products */,
				5EECD98D2108700C005B4497 /* Frameworks */,
			);
			sourceTree = "<group>";
		};
		5EECD95621070CCB005B4497 /* Products */ = {
			isa = PBXGroup;
			children = (
				5EECD95521070CCB005B4497 /* Movie.app */,
				5EECD96C21070CCF005B4497 /* MovieTests.xctest */,
				5EECD97721070CCF005B4497 /* MovieUITests.xctest */,
			);
			name = Products;
			sourceTree = "<group>";
		};
		5EECD95721070CCB005B4497 /* Movie */ = {
			isa = PBXGroup;
			children = (
				5EEDEEF8210A3D470010259F /* Application */,
				5E742E982108D0F100A2D749 /* Utilities */,
				5E742E972108BC1500A2D749 /* Controllers */,
				5E742EAA210A3C9600A2D749 /* Model */,
				5EDE688E210A3CD30096A45A /* Storyboards and Assets */,
				5EECD96721070CCF005B4497 /* Info.plist */,
			);
			path = Movie;
			sourceTree = "<group>";
		};
		5EECD96F21070CCF005B4497 /* MovieTests */ = {
			isa = PBXGroup;
			children = (
				5EECD97021070CCF005B4497 /* MovieTests.swift */,
				5EECD97221070CCF005B4497 /* Info.plist */,
			);
			path = MovieTests;
			sourceTree = "<group>";
		};
		5EECD97A21070CCF005B4497 /* MovieUITests */ = {
			isa = PBXGroup;
			children = (
				5EECD97B21070CCF005B4497 /* MovieUITests.swift */,
				5EECD97D21070CCF005B4497 /* Info.plist */,
			);
			path = MovieUITests;
			sourceTree = "<group>";
		};
		5EECD98D2108700C005B4497 /* Frameworks */ = {
			isa = PBXGroup;
			children = (
				5EEDEF01210A4E200010259F /* RealmSwift.framework */,
				5EEDEEFF210A4E050010259F /* Realm.framework */,
				5E742EA1210A3B3D00A2D749 /* AlamofireImage.framework */,
				5EECD99821087BE7005B4497 /* Nimble.framework */,
				5EECD99921087BE7005B4497 /* Quick.framework */,
				5EECD99621087399005B4497 /* UIKit.framework */,
				5EECD993210872BF005B4497 /* SwiftyJSON.framework */,
				5EECD98E2108700D005B4497 /* Alamofire.framework */,
			);
			name = Frameworks;
			sourceTree = "<group>";
		};
		5EEDEEF8210A3D470010259F /* Application */ = {
			isa = PBXGroup;
			children = (
				5EECD95821070CCB005B4497 /* AppDelegate.swift */,
			);
			name = Application;
			sourceTree = "<group>";
		};
		5EEDEF0B210AF8460010259F /* Table Cell */ = {
			isa = PBXGroup;
			children = (
				5EEDEF0C210AF86B0010259F /* MovieCell.swift */,
				5EEDEF0E210AF9210010259F /* LoadingCell.swift */,
			);
			path = "Table Cell";
			sourceTree = "<group>";
		};
/* End PBXGroup section */

/* Begin PBXNativeTarget section */
		5EECD95421070CCB005B4497 /* Movie */ = {
			isa = PBXNativeTarget;
			buildConfigurationList = 5EECD98021070CCF005B4497 /* Build configuration list for PBXNativeTarget "Movie" */;
			buildPhases = (
				5EECD95121070CCB005B4497 /* Sources */,
				5EECD95221070CCB005B4497 /* Frameworks */,
				5EECD95321070CCB005B4497 /* Resources */,
				5EECD9902108702A005B4497 /* ShellScript */,
				5EECD991210870C2005B4497 /* CopyFiles */,
			);
			buildRules = (
			);
			dependencies = (
			);
			name = Movie;
			productName = Movie;
			productReference = 5EECD95521070CCB005B4497 /* Movie.app */;
			productType = "com.apple.product-type.application";
		};
		5EECD96B21070CCF005B4497 /* MovieTests */ = {
			isa = PBXNativeTarget;
			buildConfigurationList = 5EECD98321070CCF005B4497 /* Build configuration list for PBXNativeTarget "MovieTests" */;
			buildPhases = (
				5EECD96821070CCF005B4497 /* Sources */,
				5EECD96921070CCF005B4497 /* Frameworks */,
				5EECD96A21070CCF005B4497 /* Resources */,
				5EECD9A82108A13B005B4497 /* ShellScript */,
				5EECD9A92108A17D005B4497 /* CopyFiles */,
			);
			buildRules = (
			);
			dependencies = (
				5EECD96E21070CCF005B4497 /* PBXTargetDependency */,
			);
			name = MovieTests;
			productName = MovieTests;
			productReference = 5EECD96C21070CCF005B4497 /* MovieTests.xctest */;
			productType = "com.apple.product-type.bundle.unit-test";
		};
		5EECD97621070CCF005B4497 /* MovieUITests */ = {
			isa = PBXNativeTarget;
			buildConfigurationList = 5EECD98621070CCF005B4497 /* Build configuration list for PBXNativeTarget "MovieUITests" */;
			buildPhases = (
				5EECD97321070CCF005B4497 /* Sources */,
				5EECD97421070CCF005B4497 /* Frameworks */,
				5EECD97521070CCF005B4497 /* Resources */,
				5EECD9AE2108A195005B4497 /* ShellScript */,
				5EECD9AF2108A1CA005B4497 /* CopyFiles */,
			);
			buildRules = (
			);
			dependencies = (
				5EECD97921070CCF005B4497 /* PBXTargetDependency */,
			);
			name = MovieUITests;
			productName = MovieUITests;
			productReference = 5EECD97721070CCF005B4497 /* MovieUITests.xctest */;
			productType = "com.apple.product-type.bundle.ui-testing";
		};
/* End PBXNativeTarget section */

/* Begin PBXProject section */
		5EECD94D21070CCB005B4497 /* Project object */ = {
			isa = PBXProject;
			attributes = {
				LastSwiftUpdateCheck = 0940;
				LastUpgradeCheck = 0940;
				ORGANIZATIONNAME = Sasi;
				TargetAttributes = {
					5EECD95421070CCB005B4497 = {
						CreatedOnToolsVersion = 9.4;
					};
					5EECD96B21070CCF005B4497 = {
						CreatedOnToolsVersion = 9.4;
						TestTargetID = 5EECD95421070CCB005B4497;
					};
					5EECD97621070CCF005B4497 = {
						CreatedOnToolsVersion = 9.4;
						TestTargetID = 5EECD95421070CCB005B4497;
					};
				};
			};
			buildConfigurationList = 5EECD95021070CCB005B4497 /* Build configuration list for PBXProject "Movie" */;
			compatibilityVersion = "Xcode 9.3";
			developmentRegion = en;
			hasScannedForEncodings = 0;
			knownRegions = (
				en,
				Base,
			);
			mainGroup = 5EECD94C21070CCB005B4497;
			productRefGroup = 5EECD95621070CCB005B4497 /* Products */;
			projectDirPath = "";
			projectRoot = "";
			targets = (
				5EECD95421070CCB005B4497 /* Movie */,
				5EECD96B21070CCF005B4497 /* MovieTests */,
				5EECD97621070CCF005B4497 /* MovieUITests */,
			);
		};
/* End PBXProject section */

/* Begin PBXResourcesBuildPhase section */
		5EECD95321070CCB005B4497 /* Resources */ = {
			isa = PBXResourcesBuildPhase;
			buildActionMask = 2147483647;
			files = (
				5EECD96621070CCF005B4497 /* LaunchScreen.storyboard in Resources */,
				5EECD96321070CCF005B4497 /* Assets.xcassets in Resources */,
				5EECD95E21070CCB005B4497 /* Main.storyboard in Resources */,
			);
			runOnlyForDeploymentPostprocessing = 0;
		};
		5EECD96A21070CCF005B4497 /* Resources */ = {
			isa = PBXResourcesBuildPhase;
			buildActionMask = 2147483647;
			files = (
			);
			runOnlyForDeploymentPostprocessing = 0;
		};
		5EECD97521070CCF005B4497 /* Resources */ = {
			isa = PBXResourcesBuildPhase;
			buildActionMask = 2147483647;
			files = (
			);
			runOnlyForDeploymentPostprocessing = 0;
		};
/* End PBXResourcesBuildPhase section */

/* Begin PBXShellScriptBuildPhase section */
		5EECD9902108702A005B4497 /* ShellScript */ = {
			isa = PBXShellScriptBuildPhase;
			buildActionMask = 8;
			files = (
			);
			inputPaths = (
				"$(SRCROOT)/Carthage/Build/iOS/Alamofire.framework",
				"$(SRCROOT)/Carthage/Build/iOS/SwiftyJSON.framework",
				"$(SRCROOT)/Carthage/Build/iOS/Quick.framework",
				"$(SRCROOT)/Carthage/Build/iOS/Nimble.framework",
				"$(SRCROOT)/Carthage/Build/iOS/AlamofireImage.framework",
				"$(SRCROOT)/Carthage/Build/iOS/Realm.framework",
				"$(SRCROOT)/Carthage/Build/iOS/RealmSwift.framework",
			);
			outputPaths = (
			);
			runOnlyForDeploymentPostprocessing = 1;
			shellPath = /bin/sh;
			shellScript = "";
		};
		5EECD9A82108A13B005B4497 /* ShellScript */ = {
			isa = PBXShellScriptBuildPhase;
			buildActionMask = 8;
			files = (
			);
			inputPaths = (
				"$(SRCROOT)/Carthage/Build/iOS/Alamofire.framework",
				"$(SRCROOT)/Carthage/Build/iOS/SwiftyJSON.framework",
				"$(SRCROOT)/Carthage/Build/iOS/Quick.framework",
				"$(SRCROOT)/Carthage/Build/iOS/Nimble.framework",
				"$(SRCROOT)/Carthage/Build/iOS/AlamofireImage.framework",
				"$(SRCROOT)/Carthage/Build/iOS/Realm.framework",
				"$(SRCROOT)/Carthage/Build/iOS/RealmSwift.framework",
			);
			outputPaths = (
			);
			runOnlyForDeploymentPostprocessing = 1;
			shellPath = /bin/sh;
			shellScript = "";
		};
		5EECD9AE2108A195005B4497 /* ShellScript */ = {
			isa = PBXShellScriptBuildPhase;
			buildActionMask = 8;
			files = (
			);
			inputPaths = (
				"$(SRCROOT)/Carthage/Build/iOS/Alamofire.framework",
				"$(SRCROOT)/Carthage/Build/iOS/SwiftyJSON.framework",
				"$(SRCROOT)/Carthage/Build/iOS/Quick.framework",
				"$(SRCROOT)/Carthage/Build/iOS/Nimble.framework",
				"$(SRCROOT)/Carthage/Build/iOS/AlamofireImage.framework",
			);
			outputPaths = (
			);
			runOnlyForDeploymentPostprocessing = 1;
			shellPath = /bin/sh;
			shellScript = "";
		};
/* End PBXShellScriptBuildPhase section */

/* Begin PBXSourcesBuildPhase section */
		5EECD95121070CCB005B4497 /* Sources */ = {
			isa = PBXSourcesBuildPhase;
			buildActionMask = 2147483647;
			files = (
				5E742E9E2109C61400A2D749 /* MovieMessage.swift in Sources */,
				5E742E9A2108D58400A2D749 /* NetworkManager.swift in Sources */,
				5EEDEF0D210AF86B0010259F /* MovieCell.swift in Sources */,
				5E742E9C2108D59700A2D749 /* MovieDataHandler.swift in Sources */,
				5EECD99F210889A3005B4497 /* MovieSearchListController.swift in Sources */,
				5EECD95921070CCB005B4497 /* AppDelegate.swift in Sources */,
				5EEDEF0F210AF9210010259F /* LoadingCell.swift in Sources */,
				5EEDEF0A210A53E60010259F /* Movie.swift in Sources */,
				5E742EA02109D93C00A2D749 /* Message.swift in Sources */,
			);
			runOnlyForDeploymentPostprocessing = 0;
		};
		5EECD96821070CCF005B4497 /* Sources */ = {
			isa = PBXSourcesBuildPhase;
			buildActionMask = 2147483647;
			files = (
				5EECD97121070CCF005B4497 /* MovieTests.swift in Sources */,
			);
			runOnlyForDeploymentPostprocessing = 0;
		};
		5EECD97321070CCF005B4497 /* Sources */ = {
			isa = PBXSourcesBuildPhase;
			buildActionMask = 2147483647;
			files = (
				5EECD97C21070CCF005B4497 /* MovieUITests.swift in Sources */,
			);
			runOnlyForDeploymentPostprocessing = 0;
		};
/* End PBXSourcesBuildPhase section */

/* Begin PBXTargetDependency section */
		5EECD96E21070CCF005B4497 /* PBXTargetDependency */ = {
			isa = PBXTargetDependency;
			target = 5EECD95421070CCB005B4497 /* Movie */;
			targetProxy = 5EECD96D21070CCF005B4497 /* PBXContainerItemProxy */;
		};
		5EECD97921070CCF005B4497 /* PBXTargetDependency */ = {
			isa = PBXTargetDependency;
			target = 5EECD95421070CCB005B4497 /* Movie */;
			targetProxy = 5EECD97821070CCF005B4497 /* PBXContainerItemProxy */;
		};
/* End PBXTargetDependency section */

/* Begin PBXVariantGroup section */
		5EECD95C21070CCB005B4497 /* Main.storyboard */ = {
			isa = PBXVariantGroup;
			children = (
				5EECD95D21070CCB005B4497 /* Base */,
			);
			name = Main.storyboard;
			sourceTree = "<group>";
		};
		5EECD96421070CCF005B4497 /* LaunchScreen.storyboard */ = {
			isa = PBXVariantGroup;
			children = (
				5EECD96521070CCF005B4497 /* Base */,
			);
			name = LaunchScreen.storyboard;
			sourceTree = "<group>";
		};
/* End PBXVariantGroup section */

/* Begin XCBuildConfiguration section */
		5EECD97E21070CCF005B4497 /* Debug */ = {
			isa = XCBuildConfiguration;
			buildSettings = {
				ALWAYS_SEARCH_USER_PATHS = NO;
				CLANG_ANALYZER_NONNULL = YES;
				CLANG_ANALYZER_NUMBER_OBJECT_CONVERSION = YES_AGGRESSIVE;
				CLANG_CXX_LANGUAGE_STANDARD = "gnu++14";
				CLANG_CXX_LIBRARY = "libc++";
				CLANG_ENABLE_MODULES = YES;
				CLANG_ENABLE_OBJC_ARC = YES;
				CLANG_ENABLE_OBJC_WEAK = YES;
				CLANG_WARN_BLOCK_CAPTURE_AUTORELEASING = YES;
				CLANG_WARN_BOOL_CONVERSION = YES;
				CLANG_WARN_COMMA = YES;
				CLANG_WARN_CONSTANT_CONVERSION = YES;
				CLANG_WARN_DEPRECATED_OBJC_IMPLEMENTATIONS = YES;
				CLANG_WARN_DIRECT_OBJC_ISA_USAGE = YES_ERROR;
				CLANG_WARN_DOCUMENTATION_COMMENTS = YES;
				CLANG_WARN_EMPTY_BODY = YES;
				CLANG_WARN_ENUM_CONVERSION = YES;
				CLANG_WARN_INFINITE_RECURSION = YES;
				CLANG_WARN_INT_CONVERSION = YES;
				CLANG_WARN_NON_LITERAL_NULL_CONVERSION = YES;
				CLANG_WARN_OBJC_IMPLICIT_RETAIN_SELF = YES;
				CLANG_WARN_OBJC_LITERAL_CONVERSION = YES;
				CLANG_WARN_OBJC_ROOT_CLASS = YES_ERROR;
				CLANG_WARN_RANGE_LOOP_ANALYSIS = YES;
				CLANG_WARN_STRICT_PROTOTYPES = YES;
				CLANG_WARN_SUSPICIOUS_MOVE = YES;
				CLANG_WARN_UNGUARDED_AVAILABILITY = YES_AGGRESSIVE;
				CLANG_WARN_UNREACHABLE_CODE = YES;
				CLANG_WARN__DUPLICATE_METHOD_MATCH = YES;
				CODE_SIGN_IDENTITY = "iPhone Developer";
				COPY_PHASE_STRIP = NO;
				DEBUG_INFORMATION_FORMAT = dwarf;
				ENABLE_STRICT_OBJC_MSGSEND = YES;
				ENABLE_TESTABILITY = YES;
				GCC_C_LANGUAGE_STANDARD = gnu11;
				GCC_DYNAMIC_NO_PIC = NO;
				GCC_NO_COMMON_BLOCKS = YES;
				GCC_OPTIMIZATION_LEVEL = 0;
				GCC_PREPROCESSOR_DEFINITIONS = (
					"DEBUG=1",
					"$(inherited)",
				);
				GCC_WARN_64_TO_32_BIT_CONVERSION = YES;
				GCC_WARN_ABOUT_RETURN_TYPE = YES_ERROR;
				GCC_WARN_UNDECLARED_SELECTOR = YES;
				GCC_WARN_UNINITIALIZED_AUTOS = YES_AGGRESSIVE;
				GCC_WARN_UNUSED_FUNCTION = YES;
				GCC_WARN_UNUSED_VARIABLE = YES;
				IPHONEOS_DEPLOYMENT_TARGET = 11.4;
				MTL_ENABLE_DEBUG_INFO = YES;
				ONLY_ACTIVE_ARCH = YES;
				SDKROOT = iphoneos;
				SWIFT_ACTIVE_COMPILATION_CONDITIONS = DEBUG;
				SWIFT_OPTIMIZATION_LEVEL = "-Onone";
			};
			name = Debug;
		};
		5EECD97F21070CCF005B4497 /* Release */ = {
			isa = XCBuildConfiguration;
			buildSettings = {
				ALWAYS_SEARCH_USER_PATHS = NO;
				CLANG_ANALYZER_NONNULL = YES;
				CLANG_ANALYZER_NUMBER_OBJECT_CONVERSION = YES_AGGRESSIVE;
				CLANG_CXX_LANGUAGE_STANDARD = "gnu++14";
				CLANG_CXX_LIBRARY = "libc++";
				CLANG_ENABLE_MODULES = YES;
				CLANG_ENABLE_OBJC_ARC = YES;
				CLANG_ENABLE_OBJC_WEAK = YES;
				CLANG_WARN_BLOCK_CAPTURE_AUTORELEASING = YES;
				CLANG_WARN_BOOL_CONVERSION = YES;
				CLANG_WARN_COMMA = YES;
				CLANG_WARN_CONSTANT_CONVERSION = YES;
				CLANG_WARN_DEPRECATED_OBJC_IMPLEMENTATIONS = YES;
				CLANG_WARN_DIRECT_OBJC_ISA_USAGE = YES_ERROR;
				CLANG_WARN_DOCUMENTATION_COMMENTS = YES;
				CLANG_WARN_EMPTY_BODY = YES;
				CLANG_WARN_ENUM_CONVERSION = YES;
				CLANG_WARN_INFINITE_RECURSION = YES;
				CLANG_WARN_INT_CONVERSION = YES;
				CLANG_WARN_NON_LITERAL_NULL_CONVERSION = YES;
				CLANG_WARN_OBJC_IMPLICIT_RETAIN_SELF = YES;
				CLANG_WARN_OBJC_LITERAL_CONVERSION = YES;
				CLANG_WARN_OBJC_ROOT_CLASS = YES_ERROR;
				CLANG_WARN_RANGE_LOOP_ANALYSIS = YES;
				CLANG_WARN_STRICT_PROTOTYPES = YES;
				CLANG_WARN_SUSPICIOUS_MOVE = YES;
				CLANG_WARN_UNGUARDED_AVAILABILITY = YES_AGGRESSIVE;
				CLANG_WARN_UNREACHABLE_CODE = YES;
				CLANG_WARN__DUPLICATE_METHOD_MATCH = YES;
				CODE_SIGN_IDENTITY = "iPhone Developer";
				COPY_PHASE_STRIP = NO;
				DEBUG_INFORMATION_FORMAT = "dwarf-with-dsym";
				ENABLE_NS_ASSERTIONS = NO;
				ENABLE_STRICT_OBJC_MSGSEND = YES;
				GCC_C_LANGUAGE_STANDARD = gnu11;
				GCC_NO_COMMON_BLOCKS = YES;
				GCC_WARN_64_TO_32_BIT_CONVERSION = YES;
				GCC_WARN_ABOUT_RETURN_TYPE = YES_ERROR;
				GCC_WARN_UNDECLARED_SELECTOR = YES;
				GCC_WARN_UNINITIALIZED_AUTOS = YES_AGGRESSIVE;
				GCC_WARN_UNUSED_FUNCTION = YES;
				GCC_WARN_UNUSED_VARIABLE = YES;
				IPHONEOS_DEPLOYMENT_TARGET = 11.4;
				MTL_ENABLE_DEBUG_INFO = NO;
				SDKROOT = iphoneos;
				SWIFT_COMPILATION_MODE = wholemodule;
				SWIFT_OPTIMIZATION_LEVEL = "-O";
				VALIDATE_PRODUCT = YES;
			};
			name = Release;
		};
		5EECD98121070CCF005B4497 /* Debug */ = {
			isa = XCBuildConfiguration;
			buildSettings = {
				ASSETCATALOG_COMPILER_APPICON_NAME = AppIcon;
				CODE_SIGN_STYLE = Automatic;
				DEVELOPMENT_TEAM = G8WE93TG3H;
				FRAMEWORK_SEARCH_PATHS = (
					"$(inherited)",
					"$(PROJECT_DIR)/Carthage/Build/iOS",
				);
				INFOPLIST_FILE = Movie/Info.plist;
				LD_RUNPATH_SEARCH_PATHS = (
					"$(inherited)",
					"@executable_path/Frameworks",
				);
				PRODUCT_BUNDLE_IDENTIFIER = com.sasi.Movie;
				PRODUCT_NAME = "$(TARGET_NAME)";
				SWIFT_VERSION = 4.0;
				TARGETED_DEVICE_FAMILY = "1,2";
			};
			name = Debug;
		};
		5EECD98221070CCF005B4497 /* Release */ = {
			isa = XCBuildConfiguration;
			buildSettings = {
				ASSETCATALOG_COMPILER_APPICON_NAME = AppIcon;
				CODE_SIGN_STYLE = Automatic;
				DEVELOPMENT_TEAM = G8WE93TG3H;
				FRAMEWORK_SEARCH_PATHS = (
					"$(inherited)",
					"$(PROJECT_DIR)/Carthage/Build/iOS",
				);
				INFOPLIST_FILE = Movie/Info.plist;
				LD_RUNPATH_SEARCH_PATHS = (
					"$(inherited)",
					"@executable_path/Frameworks",
				);
				PRODUCT_BUNDLE_IDENTIFIER = com.sasi.Movie;
				PRODUCT_NAME = "$(TARGET_NAME)";
				SWIFT_VERSION = 4.0;
				TARGETED_DEVICE_FAMILY = "1,2";
			};
			name = Release;
		};
		5EECD98421070CCF005B4497 /* Debug */ = {
			isa = XCBuildConfiguration;
			buildSettings = {
				ALWAYS_EMBED_SWIFT_STANDARD_LIBRARIES = YES;
				BUNDLE_LOADER = "$(TEST_HOST)";
				CODE_SIGN_STYLE = Automatic;
				DEVELOPMENT_TEAM = G8WE93TG3H;
				FRAMEWORK_SEARCH_PATHS = (
					"$(inherited)",
					"$(PROJECT_DIR)/Carthage/Build/iOS",
				);
				INFOPLIST_FILE = MovieTests/Info.plist;
				LD_RUNPATH_SEARCH_PATHS = (
					"$(inherited)",
					"@executable_path/Frameworks",
					"@loader_path/Frameworks",
				);
				PRODUCT_BUNDLE_IDENTIFIER = com.sasi.MovieTests;
				PRODUCT_NAME = "$(TARGET_NAME)";
				SWIFT_VERSION = 4.0;
				TARGETED_DEVICE_FAMILY = "1,2";
				TEST_HOST = "$(BUILT_PRODUCTS_DIR)/Movie.app/Movie";
			};
			name = Debug;
		};
		5EECD98521070CCF005B4497 /* Release */ = {
			isa = XCBuildConfiguration;
			buildSettings = {
				ALWAYS_EMBED_SWIFT_STANDARD_LIBRARIES = YES;
				BUNDLE_LOADER = "$(TEST_HOST)";
				CODE_SIGN_STYLE = Automatic;
				DEVELOPMENT_TEAM = G8WE93TG3H;
				FRAMEWORK_SEARCH_PATHS = (
					"$(inherited)",
					"$(PROJECT_DIR)/Carthage/Build/iOS",
				);
				INFOPLIST_FILE = MovieTests/Info.plist;
				LD_RUNPATH_SEARCH_PATHS = (
					"$(inherited)",
					"@executable_path/Frameworks",
					"@loader_path/Frameworks",
				);
				PRODUCT_BUNDLE_IDENTIFIER = com.sasi.MovieTests;
				PRODUCT_NAME = "$(TARGET_NAME)";
				SWIFT_VERSION = 4.0;
				TARGETED_DEVICE_FAMILY = "1,2";
				TEST_HOST = "$(BUILT_PRODUCTS_DIR)/Movie.app/Movie";
			};
			name = Release;
		};
		5EECD98721070CCF005B4497 /* Debug */ = {
			isa = XCBuildConfiguration;
			buildSettings = {
				ALWAYS_EMBED_SWIFT_STANDARD_LIBRARIES = YES;
				CODE_SIGN_STYLE = Automatic;
				DEVELOPMENT_TEAM = G8WE93TG3H;
				FRAMEWORK_SEARCH_PATHS = (
					"$(inherited)",
					"$(PROJECT_DIR)/Carthage/Build/iOS",
				);
				INFOPLIST_FILE = MovieUITests/Info.plist;
				LD_RUNPATH_SEARCH_PATHS = (
					"$(inherited)",
					"@executable_path/Frameworks",
					"@loader_path/Frameworks",
				);
				PRODUCT_BUNDLE_IDENTIFIER = com.sasi.MovieUITests;
				PRODUCT_NAME = "$(TARGET_NAME)";
				SWIFT_VERSION = 4.0;
				TARGETED_DEVICE_FAMILY = "1,2";
				TEST_TARGET_NAME = Movie;
			};
			name = Debug;
		};
		5EECD98821070CCF005B4497 /* Release */ = {
			isa = XCBuildConfiguration;
			buildSettings = {
				ALWAYS_EMBED_SWIFT_STANDARD_LIBRARIES = YES;
				CODE_SIGN_STYLE = Automatic;
				DEVELOPMENT_TEAM = G8WE93TG3H;
				FRAMEWORK_SEARCH_PATHS = (
					"$(inherited)",
					"$(PROJECT_DIR)/Carthage/Build/iOS",
				);
				INFOPLIST_FILE = MovieUITests/Info.plist;
				LD_RUNPATH_SEARCH_PATHS = (
					"$(inherited)",
					"@executable_path/Frameworks",
					"@loader_path/Frameworks",
				);
				PRODUCT_BUNDLE_IDENTIFIER = com.sasi.MovieUITests;
				PRODUCT_NAME = "$(TARGET_NAME)";
				SWIFT_VERSION = 4.0;
				TARGETED_DEVICE_FAMILY = "1,2";
				TEST_TARGET_NAME = Movie;
			};
			name = Release;
		};
/* End XCBuildConfiguration section */

/* Begin XCConfigurationList section */
		5EECD95021070CCB005B4497 /* Build configuration list for PBXProject "Movie" */ = {
			isa = XCConfigurationList;
			buildConfigurations = (
				5EECD97E21070CCF005B4497 /* Debug */,
				5EECD97F21070CCF005B4497 /* Release */,
			);
			defaultConfigurationIsVisible = 0;
			defaultConfigurationName = Release;
		};
		5EECD98021070CCF005B4497 /* Build configuration list for PBXNativeTarget "Movie" */ = {
			isa = XCConfigurationList;
			buildConfigurations = (
				5EECD98121070CCF005B4497 /* Debug */,
				5EECD98221070CCF005B4497 /* Release */,
			);
			defaultConfigurationIsVisible = 0;
			defaultConfigurationName = Release;
		};
		5EECD98321070CCF005B4497 /* Build configuration list for PBXNativeTarget "MovieTests" */ = {
			isa = XCConfigurationList;
			buildConfigurations = (
				5EECD98421070CCF005B4497 /* Debug */,
				5EECD98521070CCF005B4497 /* Release */,
			);
			defaultConfigurationIsVisible = 0;
			defaultConfigurationName = Release;
		};
		5EECD98621070CCF005B4497 /* Build configuration list for PBXNativeTarget "MovieUITests" */ = {
			isa = XCConfigurationList;
			buildConfigurations = (
				5EECD98721070CCF005B4497 /* Debug */,
				5EECD98821070CCF005B4497 /* Release */,
			);
			defaultConfigurationIsVisible = 0;
			defaultConfigurationName = Release;
		};
/* End XCConfigurationList section */
	};
	rootObject = 5EECD94D21070CCB005B4497 /* Project object */;
}
